
Microsoft Visual Studio Solution File, Format Version 12.00
# Visual Studio Version 16
VisualStudioVersion = 16.0.30114.105
MinimumVisualStudioVersion = 10.0.40219.1
Project("{9A19103F-16F7-4668-BE54-9A1E7A4F7556}") = "Clinic", "Clinic.csproj", "{E3679907-DFFB-4EEE-9F37-029F2F110DE1}"
EndProject
Project("{FAE04EC0-301F-11D3-BF4B-00C04F79EFBC}") = "ClinicTests", "..\ClinicTests\ClinicTests.csproj", "{E9120C84-2AC2-4C81-B47E-045C11CC78C3}"
EndProject
Global
	GlobalSection(SolutionConfigurationPlatforms) = preSolution
		Debug|Any CPU = Debug|Any CPU
		Release|Any CPU = Release|Any CPU
	EndGlobalSection
	GlobalSection(ProjectConfigurationPlatforms) = postSolution
		{E3679907-DFFB-4EEE-9F37-029F2F110DE1}.Debug|Any CPU.ActiveCfg = Debug|Any CPU
		{E3679907-DFFB-4EEE-9F37-029F2F110DE1}.Debug|Any CPU.Build.0 = Debug|Any CPU
		{E3679907-DFFB-4EEE-9F37-029F2F110DE1}.Release|Any CPU.ActiveCfg = Release|Any CPU
		{E3679907-DFFB-4EEE-9F37-029F2F110DE1}.Release|Any CPU.Build.0 = Release|Any CPU
		{E9120C84-2AC2-4C81-B47E-045C11CC78C3}.Debug|Any CPU.ActiveCfg = Debug|Any CPU
		{E9120C84-2AC2-4C81-B47E-045C11CC78C3}.Debug|Any CPU.Build.0 = Debug|Any CPU
		{E9120C84-2AC2-4C81-B47E-045C11CC78C3}.Release|Any CPU.ActiveCfg = Release|Any CPU
		{E9120C84-2AC2-4C81-B47E-045C11CC78C3}.Release|Any CPU.Build.0 = Release|Any CPU
	EndGlobalSection
	GlobalSection(SolutionProperties) = preSolution
		HideSolutionNode = FALSE
	EndGlobalSection
	GlobalSection(ExtensibilityGlobals) = postSolution
		SolutionGuid = {94B22180-972F-448B-99AB-891AFD77CBC6}
	EndGlobalSection
EndGlobal
